
Microsoft Visual Studio Solution File, Format Version 11.00
# Visual Studio 2010
Project("{FAE04EC0-301F-11D3-BF4B-00C04F79EFBC}") = "Assembly-CSharp", "Assembly-CSharp.csproj", "{95A2A36D-0C06-ECE1-B239-8A3FF4A331EE}"
EndProject
Project("{FAE04EC0-301F-11D3-BF4B-00C04F79EFBC}") = "Assembly-CSharp-Editor", "Assembly-CSharp-Editor.csproj", "{CC9E1161-4DDB-C9CB-25F8-B60669C8CA0E}"
EndProject
Global
	GlobalSection(SolutionConfigurationPlatforms) = preSolution
		Debug|Any CPU = Debug|Any CPU
		Release|Any CPU = Release|Any CPU
	EndGlobalSection
	GlobalSection(ProjectConfigurationPlatforms) = postSolution
		{95A2A36D-0C06-ECE1-B239-8A3FF4A331EE}.Debug|Any CPU.ActiveCfg = Debug|Any CPU
		{95A2A36D-0C06-ECE1-B239-8A3FF4A331EE}.Debug|Any CPU.Build.0 = Debug|Any CPU
		{95A2A36D-0C06-ECE1-B239-8A3FF4A331EE}.Release|Any CPU.ActiveCfg = Release|Any CPU
		{95A2A36D-0C06-ECE1-B239-8A3FF4A331EE}.Release|Any CPU.Build.0 = Release|Any CPU
		{CC9E1161-4DDB-C9CB-25F8-B60669C8CA0E}.Debug|Any CPU.ActiveCfg = Debug|Any CPU
		{CC9E1161-4DDB-C9CB-25F8-B60669C8CA0E}.Debug|Any CPU.Build.0 = Debug|Any CPU
		{CC9E1161-4DDB-C9CB-25F8-B60669C8CA0E}.Release|Any CPU.ActiveCfg = Release|Any CPU
		{CC9E1161-4DDB-C9CB-25F8-B60669C8CA0E}.Release|Any CPU.Build.0 = Release|Any CPU
	EndGlobalSection
	GlobalSection(SolutionProperties) = preSolution
		HideSolutionNode = FALSE
	EndGlobalSection
	GlobalSection(MonoDevelopProperties) = preSolution
		StartupItem = Assembly-CSharp.csproj
	EndGlobalSection
EndGlobal
